
Microsoft Visual Studio Solution File, Format Version 12.00
# Visual Studio Version 17
VisualStudioVersion = 17.7.34031.279
MinimumVisualStudioVersion = 10.0.40219.1
Project("{FAE04EC0-301F-11D3-BF4B-00C04F79EFBC}") = "Discord.NET.SupportExtension", "Discord.NET.SupportExtension\Discord.NET.SupportExtension.csproj", "{7568BD7B-7E43-439B-8938-C98D447B3956}"
EndProject
Global
	GlobalSection(SolutionConfigurationPlatforms) = preSolution
		Debug|Any CPU = Debug|Any CPU
		Debug|arm64 = Debug|arm64
		Debug|x86 = Debug|x86
		Release|Any CPU = Release|Any CPU
		Release|arm64 = Release|arm64
		Release|x86 = Release|x86
	EndGlobalSection
	GlobalSection(ProjectConfigurationPlatforms) = postSolution
		{7568BD7B-7E43-439B-8938-C98D447B3956}.Debug|Any CPU.ActiveCfg = Debug|Any CPU
		{7568BD7B-7E43-439B-8938-C98D447B3956}.Debug|Any CPU.Build.0 = Debug|Any CPU
		{7568BD7B-7E43-439B-8938-C98D447B3956}.Debug|arm64.ActiveCfg = Debug|arm64
		{7568BD7B-7E43-439B-8938-C98D447B3956}.Debug|arm64.Build.0 = Debug|arm64
		{7568BD7B-7E43-439B-8938-C98D447B3956}.Debug|x86.ActiveCfg = Debug|x86
		{7568BD7B-7E43-439B-8938-C98D447B3956}.Debug|x86.Build.0 = Debug|x86
		{7568BD7B-7E43-439B-8938-C98D447B3956}.Release|Any CPU.ActiveCfg = Release|Any CPU
		{7568BD7B-7E43-439B-8938-C98D447B3956}.Release|Any CPU.Build.0 = Release|Any CPU
		{7568BD7B-7E43-439B-8938-C98D447B3956}.Release|arm64.ActiveCfg = Release|arm64
		{7568BD7B-7E43-439B-8938-C98D447B3956}.Release|arm64.Build.0 = Release|arm64
		{7568BD7B-7E43-439B-8938-C98D447B3956}.Release|x86.ActiveCfg = Release|x86
		{7568BD7B-7E43-439B-8938-C98D447B3956}.Release|x86.Build.0 = Release|x86
	EndGlobalSection
	GlobalSection(SolutionProperties) = preSolution
		HideSolutionNode = FALSE
	EndGlobalSection
	GlobalSection(ExtensibilityGlobals) = postSolution
		SolutionGuid = {B0645D3C-50DB-468B-9805-EE4CFEC9B222}
	EndGlobalSection
EndGlobal
