
Microsoft Visual Studio Solution File, Format Version 12.00
# Visual Studio Version 17
VisualStudioVersion = 17.5.33530.505
MinimumVisualStudioVersion = 10.0.40219.1
Project("{FAE04EC0-301F-11D3-BF4B-00C04F79EFBC}") = "Discord.NET.SupportExtension.Mef", "Discord.NET.SupportExtension.Mef\Discord.NET.SupportExtension.Mef.csproj", "{76A18D97-C1E6-4C1A-BC4A-85EFAF553B0F}"
EndProject
Project("{FAE04EC0-301F-11D3-BF4B-00C04F79EFBC}") = "Discord.NET.SupportExtension.Core", "Discord.NET.SupportExtension.Core\Discord.NET.SupportExtension.Core.csproj", "{2101F49F-8705-4D12-9059-E29C8ABD794A}"
EndProject
Project("{2150E333-8FDC-42A3-9474-1A3956D46DE8}") = "1. UI", "1. UI", "{DD0C120E-655B-4E75-A300-8ABD6368C990}"
EndProject
Project("{2150E333-8FDC-42A3-9474-1A3956D46DE8}") = "2. Engine", "2. Engine", "{5F652991-6667-454D-90F3-06935C1D926F}"
EndProject
Project("{FAE04EC0-301F-11D3-BF4B-00C04F79EFBC}") = "Discord.NET.SupportExtension.Core.Interface", "Discord.NET.SupportExtension.Core.Interface\Discord.NET.SupportExtension.Core.Interface.csproj", "{2A1E6D26-6F60-446C-9B0D-E04E7B3FE6D5}"
EndProject
Project("{2150E333-8FDC-42A3-9474-1A3956D46DE8}") = "3. Tests", "3. Tests", "{F2510260-BD8D-4D60-A67D-54DE5EC96FEE}"
EndProject
Project("{FAE04EC0-301F-11D3-BF4B-00C04F79EFBC}") = "Discord.NET.SupportExtension.Core.Tests", "Discord.NET.SupportExtension.Core.Tests\Discord.NET.SupportExtension.Core.Tests.csproj", "{788281EE-DB54-4BFD-9640-915BAFAA95CF}"
EndProject
Project("{2150E333-8FDC-42A3-9474-1A3956D46DE8}") = "0. HB Common", "0. HB Common", "{1D850053-29B8-4F44-B452-E75591604B8D}"
EndProject
Project("{FAE04EC0-301F-11D3-BF4B-00C04F79EFBC}") = "HB.NETF.Common", "..\HB\HB.NETF.Common\HB.NETF.Common.csproj", "{7A6DD6BD-D679-4AD7-94F6-4AE5189BF75A}"
EndProject
Project("{FAE04EC0-301F-11D3-BF4B-00C04F79EFBC}") = "HB.NETF.Services.Logging", "..\HB\HB.NETF.Services.Logging\HB.NETF.Services.Logging.csproj", "{B99CA5A1-866C-44ED-826D-DF14C4DF05CE}"
EndProject
Project("{FAE04EC0-301F-11D3-BF4B-00C04F79EFBC}") = "HB.NETF.Services.Security", "..\HB\HB.NETF.Services.Security\HB.NETF.Services.Security.csproj", "{884D9597-BFBB-41C0-BDCF-37D1EF0DDF3A}"
EndProject
Project("{FAE04EC0-301F-11D3-BF4B-00C04F79EFBC}") = "HB.NETF.Discord.NET.Toolkit", "..\HB\HB.NETF.Discord.NET.Toolkit\HB.NETF.Discord.NET.Toolkit.csproj", "{35CFC0BF-8442-43CC-9F30-695E19532AEE}"
EndProject
Project("{FAE04EC0-301F-11D3-BF4B-00C04F79EFBC}") = "HB.NETF.WPF", "..\HB\HB.NETF.WPF\HB.NETF.WPF.csproj", "{C77B5E3F-16F0-4BDF-993C-179B2ADFD44B}"
EndProject
Project("{FAE04EC0-301F-11D3-BF4B-00C04F79EFBC}") = "Discord.NET.SupportExtension", "Discord.NET.SupportExtension\Discord.NET.SupportExtension.csproj", "{AEB5C377-8BA3-48B4-925F-0E673D78B1DC}"
EndProject
Project("{FAE04EC0-301F-11D3-BF4B-00C04F79EFBC}") = "HB.NETF.Code.Analysis", "..\HB\HB.NETF.Code.Analysis\HB.NETF.Code.Analysis.csproj", "{41C3C462-030E-45C3-8C92-48175905C624}"
EndProject
Project("{FAE04EC0-301F-11D3-BF4B-00C04F79EFBC}") = "DiscordSupportExtensionTestCases", "..\TestSolution\DiscordSupportExtensionTestCases\DiscordSupportExtensionTestCases.csproj", "{6AA5EE8B-AF80-4FE8-B190-1ABBF9031AC0}"
EndProject
Project("{FAE04EC0-301F-11D3-BF4B-00C04F79EFBC}") = "HB.NETF.VisualStudio", "..\HB\HB.NETF.VisualStudio\HB.NETF.VisualStudio.csproj", "{F017E1B9-C8E3-4C09-BC41-4C6E6F8E7C98}"
EndProject
Project("{FAE04EC0-301F-11D3-BF4B-00C04F79EFBC}") = "HB.NETF.Services.Data", "..\HB\HB.NETF.Services.Data\HB.NETF.Services.Data.csproj", "{029481CE-57E0-4C7F-AA97-871D3F4C0F07}"
EndProject
Project("{FAE04EC0-301F-11D3-BF4B-00C04F79EFBC}") = "HB.NETF.Services.Serialization", "..\HB\HB.NETF.Services.Serialization\HB.NETF.Services.Serialization.csproj", "{802DE704-2F70-48AA-9734-CA9C0D1E2D38}"
EndProject
Global
	GlobalSection(SolutionConfigurationPlatforms) = preSolution
		Debug|Any CPU = Debug|Any CPU
		Debug|arm64 = Debug|arm64
		Debug|x86 = Debug|x86
		Release|Any CPU = Release|Any CPU
		Release|arm64 = Release|arm64
		Release|x86 = Release|x86
	EndGlobalSection
	GlobalSection(ProjectConfigurationPlatforms) = postSolution
		{76A18D97-C1E6-4C1A-BC4A-85EFAF553B0F}.Debug|Any CPU.ActiveCfg = Debug|Any CPU
		{76A18D97-C1E6-4C1A-BC4A-85EFAF553B0F}.Debug|Any CPU.Build.0 = Debug|Any CPU
		{76A18D97-C1E6-4C1A-BC4A-85EFAF553B0F}.Debug|arm64.ActiveCfg = Debug|arm64
		{76A18D97-C1E6-4C1A-BC4A-85EFAF553B0F}.Debug|arm64.Build.0 = Debug|arm64
		{76A18D97-C1E6-4C1A-BC4A-85EFAF553B0F}.Debug|x86.ActiveCfg = Debug|x86
		{76A18D97-C1E6-4C1A-BC4A-85EFAF553B0F}.Debug|x86.Build.0 = Debug|x86
		{76A18D97-C1E6-4C1A-BC4A-85EFAF553B0F}.Release|Any CPU.ActiveCfg = Release|Any CPU
		{76A18D97-C1E6-4C1A-BC4A-85EFAF553B0F}.Release|Any CPU.Build.0 = Release|Any CPU
		{76A18D97-C1E6-4C1A-BC4A-85EFAF553B0F}.Release|arm64.ActiveCfg = Release|arm64
		{76A18D97-C1E6-4C1A-BC4A-85EFAF553B0F}.Release|arm64.Build.0 = Release|arm64
		{76A18D97-C1E6-4C1A-BC4A-85EFAF553B0F}.Release|x86.ActiveCfg = Release|x86
		{76A18D97-C1E6-4C1A-BC4A-85EFAF553B0F}.Release|x86.Build.0 = Release|x86
		{2101F49F-8705-4D12-9059-E29C8ABD794A}.Debug|Any CPU.ActiveCfg = Debug|Any CPU
		{2101F49F-8705-4D12-9059-E29C8ABD794A}.Debug|Any CPU.Build.0 = Debug|Any CPU
		{2101F49F-8705-4D12-9059-E29C8ABD794A}.Debug|arm64.ActiveCfg = Debug|Any CPU
		{2101F49F-8705-4D12-9059-E29C8ABD794A}.Debug|arm64.Build.0 = Debug|Any CPU
		{2101F49F-8705-4D12-9059-E29C8ABD794A}.Debug|x86.ActiveCfg = Debug|Any CPU
		{2101F49F-8705-4D12-9059-E29C8ABD794A}.Debug|x86.Build.0 = Debug|Any CPU
		{2101F49F-8705-4D12-9059-E29C8ABD794A}.Release|Any CPU.ActiveCfg = Release|Any CPU
		{2101F49F-8705-4D12-9059-E29C8ABD794A}.Release|Any CPU.Build.0 = Release|Any CPU
		{2101F49F-8705-4D12-9059-E29C8ABD794A}.Release|arm64.ActiveCfg = Release|Any CPU
		{2101F49F-8705-4D12-9059-E29C8ABD794A}.Release|arm64.Build.0 = Release|Any CPU
		{2101F49F-8705-4D12-9059-E29C8ABD794A}.Release|x86.ActiveCfg = Release|Any CPU
		{2101F49F-8705-4D12-9059-E29C8ABD794A}.Release|x86.Build.0 = Release|Any CPU
		{2A1E6D26-6F60-446C-9B0D-E04E7B3FE6D5}.Debug|Any CPU.ActiveCfg = Debug|Any CPU
		{2A1E6D26-6F60-446C-9B0D-E04E7B3FE6D5}.Debug|Any CPU.Build.0 = Debug|Any CPU
		{2A1E6D26-6F60-446C-9B0D-E04E7B3FE6D5}.Debug|arm64.ActiveCfg = Debug|Any CPU
		{2A1E6D26-6F60-446C-9B0D-E04E7B3FE6D5}.Debug|arm64.Build.0 = Debug|Any CPU
		{2A1E6D26-6F60-446C-9B0D-E04E7B3FE6D5}.Debug|x86.ActiveCfg = Debug|Any CPU
		{2A1E6D26-6F60-446C-9B0D-E04E7B3FE6D5}.Debug|x86.Build.0 = Debug|Any CPU
		{2A1E6D26-6F60-446C-9B0D-E04E7B3FE6D5}.Release|Any CPU.ActiveCfg = Release|Any CPU
		{2A1E6D26-6F60-446C-9B0D-E04E7B3FE6D5}.Release|Any CPU.Build.0 = Release|Any CPU
		{2A1E6D26-6F60-446C-9B0D-E04E7B3FE6D5}.Release|arm64.ActiveCfg = Release|Any CPU
		{2A1E6D26-6F60-446C-9B0D-E04E7B3FE6D5}.Release|arm64.Build.0 = Release|Any CPU
		{2A1E6D26-6F60-446C-9B0D-E04E7B3FE6D5}.Release|x86.ActiveCfg = Release|Any CPU
		{2A1E6D26-6F60-446C-9B0D-E04E7B3FE6D5}.Release|x86.Build.0 = Release|Any CPU
		{788281EE-DB54-4BFD-9640-915BAFAA95CF}.Debug|Any CPU.ActiveCfg = Debug|Any CPU
		{788281EE-DB54-4BFD-9640-915BAFAA95CF}.Debug|Any CPU.Build.0 = Debug|Any CPU
		{788281EE-DB54-4BFD-9640-915BAFAA95CF}.Debug|arm64.ActiveCfg = Debug|Any CPU
		{788281EE-DB54-4BFD-9640-915BAFAA95CF}.Debug|arm64.Build.0 = Debug|Any CPU
		{788281EE-DB54-4BFD-9640-915BAFAA95CF}.Debug|x86.ActiveCfg = Debug|Any CPU
		{788281EE-DB54-4BFD-9640-915BAFAA95CF}.Debug|x86.Build.0 = Debug|Any CPU
		{788281EE-DB54-4BFD-9640-915BAFAA95CF}.Release|Any CPU.ActiveCfg = Release|Any CPU
		{788281EE-DB54-4BFD-9640-915BAFAA95CF}.Release|Any CPU.Build.0 = Release|Any CPU
		{788281EE-DB54-4BFD-9640-915BAFAA95CF}.Release|arm64.ActiveCfg = Release|Any CPU
		{788281EE-DB54-4BFD-9640-915BAFAA95CF}.Release|arm64.Build.0 = Release|Any CPU
		{788281EE-DB54-4BFD-9640-915BAFAA95CF}.Release|x86.ActiveCfg = Release|Any CPU
		{788281EE-DB54-4BFD-9640-915BAFAA95CF}.Release|x86.Build.0 = Release|Any CPU
		{7A6DD6BD-D679-4AD7-94F6-4AE5189BF75A}.Debug|Any CPU.ActiveCfg = Debug|Any CPU
		{7A6DD6BD-D679-4AD7-94F6-4AE5189BF75A}.Debug|Any CPU.Build.0 = Debug|Any CPU
		{7A6DD6BD-D679-4AD7-94F6-4AE5189BF75A}.Debug|arm64.ActiveCfg = Debug|Any CPU
		{7A6DD6BD-D679-4AD7-94F6-4AE5189BF75A}.Debug|arm64.Build.0 = Debug|Any CPU
		{7A6DD6BD-D679-4AD7-94F6-4AE5189BF75A}.Debug|x86.ActiveCfg = Debug|Any CPU
		{7A6DD6BD-D679-4AD7-94F6-4AE5189BF75A}.Debug|x86.Build.0 = Debug|Any CPU
		{7A6DD6BD-D679-4AD7-94F6-4AE5189BF75A}.Release|Any CPU.ActiveCfg = Release|Any CPU
		{7A6DD6BD-D679-4AD7-94F6-4AE5189BF75A}.Release|Any CPU.Build.0 = Release|Any CPU
		{7A6DD6BD-D679-4AD7-94F6-4AE5189BF75A}.Release|arm64.ActiveCfg = Release|Any CPU
		{7A6DD6BD-D679-4AD7-94F6-4AE5189BF75A}.Release|arm64.Build.0 = Release|Any CPU
		{7A6DD6BD-D679-4AD7-94F6-4AE5189BF75A}.Release|x86.ActiveCfg = Release|Any CPU
		{7A6DD6BD-D679-4AD7-94F6-4AE5189BF75A}.Release|x86.Build.0 = Release|Any CPU
		{B99CA5A1-866C-44ED-826D-DF14C4DF05CE}.Debug|Any CPU.ActiveCfg = Debug|Any CPU
		{B99CA5A1-866C-44ED-826D-DF14C4DF05CE}.Debug|Any CPU.Build.0 = Debug|Any CPU
		{B99CA5A1-866C-44ED-826D-DF14C4DF05CE}.Debug|arm64.ActiveCfg = Debug|Any CPU
		{B99CA5A1-866C-44ED-826D-DF14C4DF05CE}.Debug|arm64.Build.0 = Debug|Any CPU
		{B99CA5A1-866C-44ED-826D-DF14C4DF05CE}.Debug|x86.ActiveCfg = Debug|Any CPU
		{B99CA5A1-866C-44ED-826D-DF14C4DF05CE}.Debug|x86.Build.0 = Debug|Any CPU
		{B99CA5A1-866C-44ED-826D-DF14C4DF05CE}.Release|Any CPU.ActiveCfg = Release|Any CPU
		{B99CA5A1-866C-44ED-826D-DF14C4DF05CE}.Release|Any CPU.Build.0 = Release|Any CPU
		{B99CA5A1-866C-44ED-826D-DF14C4DF05CE}.Release|arm64.ActiveCfg = Release|Any CPU
		{B99CA5A1-866C-44ED-826D-DF14C4DF05CE}.Release|arm64.Build.0 = Release|Any CPU
		{B99CA5A1-866C-44ED-826D-DF14C4DF05CE}.Release|x86.ActiveCfg = Release|Any CPU
		{B99CA5A1-866C-44ED-826D-DF14C4DF05CE}.Release|x86.Build.0 = Release|Any CPU
		{884D9597-BFBB-41C0-BDCF-37D1EF0DDF3A}.Debug|Any CPU.ActiveCfg = Debug|Any CPU
		{884D9597-BFBB-41C0-BDCF-37D1EF0DDF3A}.Debug|Any CPU.Build.0 = Debug|Any CPU
		{884D9597-BFBB-41C0-BDCF-37D1EF0DDF3A}.Debug|arm64.ActiveCfg = Debug|Any CPU
		{884D9597-BFBB-41C0-BDCF-37D1EF0DDF3A}.Debug|arm64.Build.0 = Debug|Any CPU
		{884D9597-BFBB-41C0-BDCF-37D1EF0DDF3A}.Debug|x86.ActiveCfg = Debug|Any CPU
		{884D9597-BFBB-41C0-BDCF-37D1EF0DDF3A}.Debug|x86.Build.0 = Debug|Any CPU
		{884D9597-BFBB-41C0-BDCF-37D1EF0DDF3A}.Release|Any CPU.ActiveCfg = Release|Any CPU
		{884D9597-BFBB-41C0-BDCF-37D1EF0DDF3A}.Release|Any CPU.Build.0 = Release|Any CPU
		{884D9597-BFBB-41C0-BDCF-37D1EF0DDF3A}.Release|arm64.ActiveCfg = Release|Any CPU
		{884D9597-BFBB-41C0-BDCF-37D1EF0DDF3A}.Release|arm64.Build.0 = Release|Any CPU
		{884D9597-BFBB-41C0-BDCF-37D1EF0DDF3A}.Release|x86.ActiveCfg = Release|Any CPU
		{884D9597-BFBB-41C0-BDCF-37D1EF0DDF3A}.Release|x86.Build.0 = Release|Any CPU
		{35CFC0BF-8442-43CC-9F30-695E19532AEE}.Debug|Any CPU.ActiveCfg = Debug|Any CPU
		{35CFC0BF-8442-43CC-9F30-695E19532AEE}.Debug|Any CPU.Build.0 = Debug|Any CPU
		{35CFC0BF-8442-43CC-9F30-695E19532AEE}.Debug|arm64.ActiveCfg = Debug|Any CPU
		{35CFC0BF-8442-43CC-9F30-695E19532AEE}.Debug|arm64.Build.0 = Debug|Any CPU
		{35CFC0BF-8442-43CC-9F30-695E19532AEE}.Debug|x86.ActiveCfg = Debug|Any CPU
		{35CFC0BF-8442-43CC-9F30-695E19532AEE}.Debug|x86.Build.0 = Debug|Any CPU
		{35CFC0BF-8442-43CC-9F30-695E19532AEE}.Release|Any CPU.ActiveCfg = Release|Any CPU
		{35CFC0BF-8442-43CC-9F30-695E19532AEE}.Release|Any CPU.Build.0 = Release|Any CPU
		{35CFC0BF-8442-43CC-9F30-695E19532AEE}.Release|arm64.ActiveCfg = Release|Any CPU
		{35CFC0BF-8442-43CC-9F30-695E19532AEE}.Release|arm64.Build.0 = Release|Any CPU
		{35CFC0BF-8442-43CC-9F30-695E19532AEE}.Release|x86.ActiveCfg = Release|Any CPU
		{35CFC0BF-8442-43CC-9F30-695E19532AEE}.Release|x86.Build.0 = Release|Any CPU
		{C77B5E3F-16F0-4BDF-993C-179B2ADFD44B}.Debug|Any CPU.ActiveCfg = Debug|Any CPU
		{C77B5E3F-16F0-4BDF-993C-179B2ADFD44B}.Debug|Any CPU.Build.0 = Debug|Any CPU
		{C77B5E3F-16F0-4BDF-993C-179B2ADFD44B}.Debug|arm64.ActiveCfg = Debug|Any CPU
		{C77B5E3F-16F0-4BDF-993C-179B2ADFD44B}.Debug|arm64.Build.0 = Debug|Any CPU
		{C77B5E3F-16F0-4BDF-993C-179B2ADFD44B}.Debug|x86.ActiveCfg = Debug|Any CPU
		{C77B5E3F-16F0-4BDF-993C-179B2ADFD44B}.Debug|x86.Build.0 = Debug|Any CPU
		{C77B5E3F-16F0-4BDF-993C-179B2ADFD44B}.Release|Any CPU.ActiveCfg = Release|Any CPU
		{C77B5E3F-16F0-4BDF-993C-179B2ADFD44B}.Release|Any CPU.Build.0 = Release|Any CPU
		{C77B5E3F-16F0-4BDF-993C-179B2ADFD44B}.Release|arm64.ActiveCfg = Release|Any CPU
		{C77B5E3F-16F0-4BDF-993C-179B2ADFD44B}.Release|arm64.Build.0 = Release|Any CPU
		{C77B5E3F-16F0-4BDF-993C-179B2ADFD44B}.Release|x86.ActiveCfg = Release|Any CPU
		{C77B5E3F-16F0-4BDF-993C-179B2ADFD44B}.Release|x86.Build.0 = Release|Any CPU
		{AEB5C377-8BA3-48B4-925F-0E673D78B1DC}.Debug|Any CPU.ActiveCfg = Debug|Any CPU
		{AEB5C377-8BA3-48B4-925F-0E673D78B1DC}.Debug|Any CPU.Build.0 = Debug|Any CPU
		{AEB5C377-8BA3-48B4-925F-0E673D78B1DC}.Debug|arm64.ActiveCfg = Debug|Any CPU
		{AEB5C377-8BA3-48B4-925F-0E673D78B1DC}.Debug|arm64.Build.0 = Debug|Any CPU
		{AEB5C377-8BA3-48B4-925F-0E673D78B1DC}.Debug|x86.ActiveCfg = Debug|x86
		{AEB5C377-8BA3-48B4-925F-0E673D78B1DC}.Debug|x86.Build.0 = Debug|x86
		{AEB5C377-8BA3-48B4-925F-0E673D78B1DC}.Release|Any CPU.ActiveCfg = Release|Any CPU
		{AEB5C377-8BA3-48B4-925F-0E673D78B1DC}.Release|Any CPU.Build.0 = Release|Any CPU
		{AEB5C377-8BA3-48B4-925F-0E673D78B1DC}.Release|arm64.ActiveCfg = Release|Any CPU
		{AEB5C377-8BA3-48B4-925F-0E673D78B1DC}.Release|arm64.Build.0 = Release|Any CPU
		{AEB5C377-8BA3-48B4-925F-0E673D78B1DC}.Release|x86.ActiveCfg = Release|x86
		{AEB5C377-8BA3-48B4-925F-0E673D78B1DC}.Release|x86.Build.0 = Release|x86
		{41C3C462-030E-45C3-8C92-48175905C624}.Debug|Any CPU.ActiveCfg = Debug|Any CPU
		{41C3C462-030E-45C3-8C92-48175905C624}.Debug|Any CPU.Build.0 = Debug|Any CPU
		{41C3C462-030E-45C3-8C92-48175905C624}.Debug|arm64.ActiveCfg = Debug|Any CPU
		{41C3C462-030E-45C3-8C92-48175905C624}.Debug|arm64.Build.0 = Debug|Any CPU
		{41C3C462-030E-45C3-8C92-48175905C624}.Debug|x86.ActiveCfg = Debug|Any CPU
		{41C3C462-030E-45C3-8C92-48175905C624}.Debug|x86.Build.0 = Debug|Any CPU
		{41C3C462-030E-45C3-8C92-48175905C624}.Release|Any CPU.ActiveCfg = Release|Any CPU
		{41C3C462-030E-45C3-8C92-48175905C624}.Release|Any CPU.Build.0 = Release|Any CPU
		{41C3C462-030E-45C3-8C92-48175905C624}.Release|arm64.ActiveCfg = Release|Any CPU
		{41C3C462-030E-45C3-8C92-48175905C624}.Release|arm64.Build.0 = Release|Any CPU
		{41C3C462-030E-45C3-8C92-48175905C624}.Release|x86.ActiveCfg = Release|Any CPU
		{41C3C462-030E-45C3-8C92-48175905C624}.Release|x86.Build.0 = Release|Any CPU
		{6AA5EE8B-AF80-4FE8-B190-1ABBF9031AC0}.Debug|Any CPU.ActiveCfg = Debug|Any CPU
		{6AA5EE8B-AF80-4FE8-B190-1ABBF9031AC0}.Debug|Any CPU.Build.0 = Debug|Any CPU
		{6AA5EE8B-AF80-4FE8-B190-1ABBF9031AC0}.Debug|arm64.ActiveCfg = Debug|Any CPU
		{6AA5EE8B-AF80-4FE8-B190-1ABBF9031AC0}.Debug|arm64.Build.0 = Debug|Any CPU
		{6AA5EE8B-AF80-4FE8-B190-1ABBF9031AC0}.Debug|x86.ActiveCfg = Debug|Any CPU
		{6AA5EE8B-AF80-4FE8-B190-1ABBF9031AC0}.Debug|x86.Build.0 = Debug|Any CPU
		{6AA5EE8B-AF80-4FE8-B190-1ABBF9031AC0}.Release|Any CPU.ActiveCfg = Release|Any CPU
		{6AA5EE8B-AF80-4FE8-B190-1ABBF9031AC0}.Release|Any CPU.Build.0 = Release|Any CPU
		{6AA5EE8B-AF80-4FE8-B190-1ABBF9031AC0}.Release|arm64.ActiveCfg = Release|Any CPU
		{6AA5EE8B-AF80-4FE8-B190-1ABBF9031AC0}.Release|arm64.Build.0 = Release|Any CPU
		{6AA5EE8B-AF80-4FE8-B190-1ABBF9031AC0}.Release|x86.ActiveCfg = Release|Any CPU
		{6AA5EE8B-AF80-4FE8-B190-1ABBF9031AC0}.Release|x86.Build.0 = Release|Any CPU
		{F017E1B9-C8E3-4C09-BC41-4C6E6F8E7C98}.Debug|Any CPU.ActiveCfg = Debug|Any CPU
		{F017E1B9-C8E3-4C09-BC41-4C6E6F8E7C98}.Debug|Any CPU.Build.0 = Debug|Any CPU
		{F017E1B9-C8E3-4C09-BC41-4C6E6F8E7C98}.Debug|arm64.ActiveCfg = Debug|Any CPU
		{F017E1B9-C8E3-4C09-BC41-4C6E6F8E7C98}.Debug|arm64.Build.0 = Debug|Any CPU
		{F017E1B9-C8E3-4C09-BC41-4C6E6F8E7C98}.Debug|x86.ActiveCfg = Debug|Any CPU
		{F017E1B9-C8E3-4C09-BC41-4C6E6F8E7C98}.Debug|x86.Build.0 = Debug|Any CPU
		{F017E1B9-C8E3-4C09-BC41-4C6E6F8E7C98}.Release|Any CPU.ActiveCfg = Release|Any CPU
		{F017E1B9-C8E3-4C09-BC41-4C6E6F8E7C98}.Release|Any CPU.Build.0 = Release|Any CPU
		{F017E1B9-C8E3-4C09-BC41-4C6E6F8E7C98}.Release|arm64.ActiveCfg = Release|Any CPU
		{F017E1B9-C8E3-4C09-BC41-4C6E6F8E7C98}.Release|arm64.Build.0 = Release|Any CPU
		{F017E1B9-C8E3-4C09-BC41-4C6E6F8E7C98}.Release|x86.ActiveCfg = Release|Any CPU
		{F017E1B9-C8E3-4C09-BC41-4C6E6F8E7C98}.Release|x86.Build.0 = Release|Any CPU
		{029481CE-57E0-4C7F-AA97-871D3F4C0F07}.Debug|Any CPU.ActiveCfg = Debug|Any CPU
		{029481CE-57E0-4C7F-AA97-871D3F4C0F07}.Debug|Any CPU.Build.0 = Debug|Any CPU
		{029481CE-57E0-4C7F-AA97-871D3F4C0F07}.Debug|arm64.ActiveCfg = Debug|Any CPU
		{029481CE-57E0-4C7F-AA97-871D3F4C0F07}.Debug|arm64.Build.0 = Debug|Any CPU
		{029481CE-57E0-4C7F-AA97-871D3F4C0F07}.Debug|x86.ActiveCfg = Debug|Any CPU
		{029481CE-57E0-4C7F-AA97-871D3F4C0F07}.Debug|x86.Build.0 = Debug|Any CPU
		{029481CE-57E0-4C7F-AA97-871D3F4C0F07}.Release|Any CPU.ActiveCfg = Release|Any CPU
		{029481CE-57E0-4C7F-AA97-871D3F4C0F07}.Release|Any CPU.Build.0 = Release|Any CPU
		{029481CE-57E0-4C7F-AA97-871D3F4C0F07}.Release|arm64.ActiveCfg = Release|Any CPU
		{029481CE-57E0-4C7F-AA97-871D3F4C0F07}.Release|arm64.Build.0 = Release|Any CPU
		{029481CE-57E0-4C7F-AA97-871D3F4C0F07}.Release|x86.ActiveCfg = Release|Any CPU
		{029481CE-57E0-4C7F-AA97-871D3F4C0F07}.Release|x86.Build.0 = Release|Any CPU
		{802DE704-2F70-48AA-9734-CA9C0D1E2D38}.Debug|Any CPU.ActiveCfg = Debug|Any CPU
		{802DE704-2F70-48AA-9734-CA9C0D1E2D38}.Debug|Any CPU.Build.0 = Debug|Any CPU
		{802DE704-2F70-48AA-9734-CA9C0D1E2D38}.Debug|arm64.ActiveCfg = Debug|Any CPU
		{802DE704-2F70-48AA-9734-CA9C0D1E2D38}.Debug|arm64.Build.0 = Debug|Any CPU
		{802DE704-2F70-48AA-9734-CA9C0D1E2D38}.Debug|x86.ActiveCfg = Debug|Any CPU
		{802DE704-2F70-48AA-9734-CA9C0D1E2D38}.Debug|x86.Build.0 = Debug|Any CPU
		{802DE704-2F70-48AA-9734-CA9C0D1E2D38}.Release|Any CPU.ActiveCfg = Release|Any CPU
		{802DE704-2F70-48AA-9734-CA9C0D1E2D38}.Release|Any CPU.Build.0 = Release|Any CPU
		{802DE704-2F70-48AA-9734-CA9C0D1E2D38}.Release|arm64.ActiveCfg = Release|Any CPU
		{802DE704-2F70-48AA-9734-CA9C0D1E2D38}.Release|arm64.Build.0 = Release|Any CPU
		{802DE704-2F70-48AA-9734-CA9C0D1E2D38}.Release|x86.ActiveCfg = Release|Any CPU
		{802DE704-2F70-48AA-9734-CA9C0D1E2D38}.Release|x86.Build.0 = Release|Any CPU
	EndGlobalSection
	GlobalSection(SolutionProperties) = preSolution
		HideSolutionNode = FALSE
	EndGlobalSection
	GlobalSection(NestedProjects) = preSolution
		{76A18D97-C1E6-4C1A-BC4A-85EFAF553B0F} = {DD0C120E-655B-4E75-A300-8ABD6368C990}
		{2101F49F-8705-4D12-9059-E29C8ABD794A} = {5F652991-6667-454D-90F3-06935C1D926F}
		{2A1E6D26-6F60-446C-9B0D-E04E7B3FE6D5} = {5F652991-6667-454D-90F3-06935C1D926F}
		{788281EE-DB54-4BFD-9640-915BAFAA95CF} = {F2510260-BD8D-4D60-A67D-54DE5EC96FEE}
		{7A6DD6BD-D679-4AD7-94F6-4AE5189BF75A} = {1D850053-29B8-4F44-B452-E75591604B8D}
		{B99CA5A1-866C-44ED-826D-DF14C4DF05CE} = {1D850053-29B8-4F44-B452-E75591604B8D}
		{884D9597-BFBB-41C0-BDCF-37D1EF0DDF3A} = {1D850053-29B8-4F44-B452-E75591604B8D}
		{35CFC0BF-8442-43CC-9F30-695E19532AEE} = {1D850053-29B8-4F44-B452-E75591604B8D}
		{C77B5E3F-16F0-4BDF-993C-179B2ADFD44B} = {1D850053-29B8-4F44-B452-E75591604B8D}
		{AEB5C377-8BA3-48B4-925F-0E673D78B1DC} = {DD0C120E-655B-4E75-A300-8ABD6368C990}
		{41C3C462-030E-45C3-8C92-48175905C624} = {1D850053-29B8-4F44-B452-E75591604B8D}
		{6AA5EE8B-AF80-4FE8-B190-1ABBF9031AC0} = {F2510260-BD8D-4D60-A67D-54DE5EC96FEE}
		{F017E1B9-C8E3-4C09-BC41-4C6E6F8E7C98} = {1D850053-29B8-4F44-B452-E75591604B8D}
		{029481CE-57E0-4C7F-AA97-871D3F4C0F07} = {1D850053-29B8-4F44-B452-E75591604B8D}
		{802DE704-2F70-48AA-9734-CA9C0D1E2D38} = {1D850053-29B8-4F44-B452-E75591604B8D}
	EndGlobalSection
	GlobalSection(ExtensibilityGlobals) = postSolution
		SolutionGuid = {CF12504A-AD3C-45D4-B2E2-4DE0E07A6C2A}
	EndGlobalSection
EndGlobal
